// !$*UTF8*$!
{
	archiveVersion = 1;
	classes = {
	};
	objectVersion = 77;
	objects = {

/* Begin PBXBuildFile section */
		8918AC272E2444CE00A67D71 /* FavoriteUser123123+CoreDataProperties.swift in Sources */ = {isa = PBXBuildFile; fileRef = 8918AC262E2444CE00A67D71 /* FavoriteUser123123+CoreDataProperties.swift */; };
		8918AC282E2444CE00A67D71 /* FavoriteUser123123+CoreDataClass.swift in Sources */ = {isa = PBXBuildFile; fileRef = 8918AC252E2444CE00A67D71 /* FavoriteUser123123+CoreDataClass.swift */; };
		894E8BA52E239141006952B4 /* UserRepository.swift in Sources */ = {isa = PBXBuildFile; fileRef = 894E8BA42E23913B006952B4 /* UserRepository.swift */; };
		894E8BCB2E244115006952B4 /* CleanProject.xcdatamodeld in Sources */ = {isa = PBXBuildFile; fileRef = 894E8BC92E244115006952B4 /* CleanProject.xcdatamodeld */; };
		89962EAF2E20FE59001AD1B5 /* Assets.xcassets in Resources */ = {isa = PBXBuildFile; fileRef = 89962EA62E20FE59001AD1B5 /* Assets.xcassets */; };
		89962EB12E20FE59001AD1B5 /* LaunchScreen.storyboard in Resources */ = {isa = PBXBuildFile; fileRef = 89962EA92E20FE59001AD1B5 /* LaunchScreen.storyboard */; };
		89962EB22E20FE59001AD1B5 /* Main.storyboard in Resources */ = {isa = PBXBuildFile; fileRef = 89962EAB2E20FE59001AD1B5 /* Main.storyboard */; };
		89962EB32E20FE59001AD1B5 /* AppDelegate.swift in Sources */ = {isa = PBXBuildFile; fileRef = 89962EA52E20FE59001AD1B5 /* AppDelegate.swift */; };
		89962EB42E20FE59001AD1B5 /* SceneDelegate.swift in Sources */ = {isa = PBXBuildFile; fileRef = 89962EAC2E20FE59001AD1B5 /* SceneDelegate.swift */; };
		89962EB52E20FE59001AD1B5 /* ViewController.swift in Sources */ = {isa = PBXBuildFile; fileRef = 89962EAD2E20FE59001AD1B5 /* ViewController.swift */; };
		89962EBB2E210143001AD1B5 /* UserListItem.swift in Sources */ = {isa = PBXBuildFile; fileRef = 89962EBA2E21013E001AD1B5 /* UserListItem.swift */; };
		89962EBD2E210290001AD1B5 /* NetworkError.swift in Sources */ = {isa = PBXBuildFile; fileRef = 89962EBC2E210285001AD1B5 /* NetworkError.swift */; };
		89962EBF2E21039F001AD1B5 /* CoreDataError.swift in Sources */ = {isa = PBXBuildFile; fileRef = 89962EBE2E21039A001AD1B5 /* CoreDataError.swift */; };
		89962EC12E2248A2001AD1B5 /* UserListUsecase.swift in Sources */ = {isa = PBXBuildFile; fileRef = 89962EC02E224898001AD1B5 /* UserListUsecase.swift */; };
		89962EC42E2249F1001AD1B5 /* UserRepositoryProtocol.swift in Sources */ = {isa = PBXBuildFile; fileRef = 89962EC32E2249E5001AD1B5 /* UserRepositoryProtocol.swift */; };
		89962EC72E224F52001AD1B5 /* SnapKit in Frameworks */ = {isa = PBXBuildFile; productRef = 89962EC62E224F52001AD1B5 /* SnapKit */; };
		89962EC92E224F52001AD1B5 /* SnapKit-Dynamic in Frameworks */ = {isa = PBXBuildFile; productRef = 89962EC82E224F52001AD1B5 /* SnapKit-Dynamic */; };
		89962ECC2E224F93001AD1B5 /* RxCocoa in Frameworks */ = {isa = PBXBuildFile; productRef = 89962ECB2E224F93001AD1B5 /* RxCocoa */; };
		89962ECE2E224F93001AD1B5 /* RxRelay in Frameworks */ = {isa = PBXBuildFile; productRef = 89962ECD2E224F93001AD1B5 /* RxRelay */; };
		89962ED02E224F93001AD1B5 /* RxSwift in Frameworks */ = {isa = PBXBuildFile; productRef = 89962ECF2E224F93001AD1B5 /* RxSwift */; };
		89962ED32E224FB3001AD1B5 /* Kingfisher in Frameworks */ = {isa = PBXBuildFile; productRef = 89962ED22E224FB3001AD1B5 /* Kingfisher */; };
		89962ED62E224FC4001AD1B5 /* Alamofire in Frameworks */ = {isa = PBXBuildFile; productRef = 89962ED52E224FC4001AD1B5 /* Alamofire */; };
		89962ED82E224FC4001AD1B5 /* AlamofireDynamic in Frameworks */ = {isa = PBXBuildFile; productRef = 89962ED72E224FC4001AD1B5 /* AlamofireDynamic */; };
		89962EDB2E225AC3001AD1B5 /* Secrets.plist in Resources */ = {isa = PBXBuildFile; fileRef = 89962EDA2E225AC3001AD1B5 /* Secrets.plist */; };
		89962EDF2E22EDCA001AD1B5 /* UserSession.swift in Sources */ = {isa = PBXBuildFile; fileRef = 89962EDE2E22EDC3001AD1B5 /* UserSession.swift */; };
		89962EE12E22EF29001AD1B5 /* NetworkManager.swift in Sources */ = {isa = PBXBuildFile; fileRef = 89962EE02E22EF24001AD1B5 /* NetworkManager.swift */; };
		89962EE32E22F05C001AD1B5 /* Secrets.swift in Sources */ = {isa = PBXBuildFile; fileRef = 89962EE22E22F055001AD1B5 /* Secrets.swift */; };
		89962EE52E237C82001AD1B5 /* UserNetwork.swift in Sources */ = {isa = PBXBuildFile; fileRef = 89962EE42E237C6C001AD1B5 /* UserNetwork.swift */; };
		89962EEB2E2383AF001AD1B5 /* UserCoreData.swift in Sources */ = {isa = PBXBuildFile; fileRef = 89962EEA2E2383A6001AD1B5 /* UserCoreData.swift */; };
/* End PBXBuildFile section */

/* Begin PBXContainerItemProxy section */
		894E8BB72E243C34006952B4 /* PBXContainerItemProxy */ = {
			isa = PBXContainerItemProxy;
			containerPortal = 89962E852E20FE4C001AD1B5 /* Project object */;
			proxyType = 1;
			remoteGlobalIDString = 89962E8C2E20FE4C001AD1B5;
			remoteInfo = CleanProject;
		};
/* End PBXContainerItemProxy section */

/* Begin PBXFileReference section */
		8918AC252E2444CE00A67D71 /* FavoriteUser123123+CoreDataClass.swift */ = {isa = PBXFileReference; lastKnownFileType = sourcecode.swift; path = "FavoriteUser123123+CoreDataClass.swift"; sourceTree = "<group>"; };
		8918AC262E2444CE00A67D71 /* FavoriteUser123123+CoreDataProperties.swift */ = {isa = PBXFileReference; lastKnownFileType = sourcecode.swift; path = "FavoriteUser123123+CoreDataProperties.swift"; sourceTree = "<group>"; };
		894E8BA42E23913B006952B4 /* UserRepository.swift */ = {isa = PBXFileReference; lastKnownFileType = sourcecode.swift; path = UserRepository.swift; sourceTree = "<group>"; };
		894E8BB32E243C34006952B4 /* CleanProjectTests.xctest */ = {isa = PBXFileReference; explicitFileType = wrapper.cfbundle; includeInIndex = 0; path = CleanProjectTests.xctest; sourceTree = BUILT_PRODUCTS_DIR; };
		894E8BCA2E244115006952B4 /* CleanProject.xcdatamodel */ = {isa = PBXFileReference; lastKnownFileType = wrapper.xcdatamodel; path = CleanProject.xcdatamodel; sourceTree = "<group>"; };
		89962E8D2E20FE4C001AD1B5 /* CleanProject.app */ = {isa = PBXFileReference; explicitFileType = wrapper.application; includeInIndex = 0; path = CleanProject.app; sourceTree = BUILT_PRODUCTS_DIR; };
		89962EA52E20FE59001AD1B5 /* AppDelegate.swift */ = {isa = PBXFileReference; lastKnownFileType = sourcecode.swift; path = AppDelegate.swift; sourceTree = "<group>"; };
		89962EA62E20FE59001AD1B5 /* Assets.xcassets */ = {isa = PBXFileReference; lastKnownFileType = folder.assetcatalog; path = Assets.xcassets; sourceTree = "<group>"; };
		89962EA72E20FE59001AD1B5 /* Info.plist */ = {isa = PBXFileReference; lastKnownFileType = text.plist.xml; path = Info.plist; sourceTree = "<group>"; };
		89962EA82E20FE59001AD1B5 /* Base */ = {isa = PBXFileReference; lastKnownFileType = file.storyboard; name = Base; path = Base.lproj/LaunchScreen.storyboard; sourceTree = "<group>"; };
		89962EAA2E20FE59001AD1B5 /* Base */ = {isa = PBXFileReference; lastKnownFileType = file.storyboard; name = Base; path = Base.lproj/Main.storyboard; sourceTree = "<group>"; };
		89962EAC2E20FE59001AD1B5 /* SceneDelegate.swift */ = {isa = PBXFileReference; lastKnownFileType = sourcecode.swift; path = SceneDelegate.swift; sourceTree = "<group>"; };
		89962EAD2E20FE59001AD1B5 /* ViewController.swift */ = {isa = PBXFileReference; lastKnownFileType = sourcecode.swift; path = ViewController.swift; sourceTree = "<group>"; };
		89962EBA2E21013E001AD1B5 /* UserListItem.swift */ = {isa = PBXFileReference; lastKnownFileType = sourcecode.swift; path = UserListItem.swift; sourceTree = "<group>"; };
		89962EBC2E210285001AD1B5 /* NetworkError.swift */ = {isa = PBXFileReference; lastKnownFileType = sourcecode.swift; path = NetworkError.swift; sourceTree = "<group>"; };
		89962EBE2E21039A001AD1B5 /* CoreDataError.swift */ = {isa = PBXFileReference; lastKnownFileType = sourcecode.swift; path = CoreDataError.swift; sourceTree = "<group>"; };
		89962EC02E224898001AD1B5 /* UserListUsecase.swift */ = {isa = PBXFileReference; lastKnownFileType = sourcecode.swift; path = UserListUsecase.swift; sourceTree = "<group>"; };
		89962EC32E2249E5001AD1B5 /* UserRepositoryProtocol.swift */ = {isa = PBXFileReference; lastKnownFileType = sourcecode.swift; path = UserRepositoryProtocol.swift; sourceTree = "<group>"; };
		89962EDA2E225AC3001AD1B5 /* Secrets.plist */ = {isa = PBXFileReference; lastKnownFileType = text.plist.xml; path = Secrets.plist; sourceTree = "<group>"; };
		89962EDE2E22EDC3001AD1B5 /* UserSession.swift */ = {isa = PBXFileReference; lastKnownFileType = sourcecode.swift; path = UserSession.swift; sourceTree = "<group>"; };
		89962EE02E22EF24001AD1B5 /* NetworkManager.swift */ = {isa = PBXFileReference; lastKnownFileType = sourcecode.swift; path = NetworkManager.swift; sourceTree = "<group>"; };
		89962EE22E22F055001AD1B5 /* Secrets.swift */ = {isa = PBXFileReference; lastKnownFileType = sourcecode.swift; path = Secrets.swift; sourceTree = "<group>"; };
		89962EE42E237C6C001AD1B5 /* UserNetwork.swift */ = {isa = PBXFileReference; lastKnownFileType = sourcecode.swift; path = UserNetwork.swift; sourceTree = "<group>"; };
		89962EEA2E2383A6001AD1B5 /* UserCoreData.swift */ = {isa = PBXFileReference; lastKnownFileType = sourcecode.swift; path = UserCoreData.swift; sourceTree = "<group>"; };
/* End PBXFileReference section */

/* Begin PBXFrameworksBuildPhase section */
		894E8BB02E243C34006952B4 /* Frameworks */ = {
			isa = PBXFrameworksBuildPhase;
			buildActionMask = 2147483647;
			files = (
			);
			runOnlyForDeploymentPostprocessing = 0;
		};
		89962E8A2E20FE4C001AD1B5 /* Frameworks */ = {
			isa = PBXFrameworksBuildPhase;
			buildActionMask = 2147483647;
			files = (
				89962ED32E224FB3001AD1B5 /* Kingfisher in Frameworks */,
				89962ED62E224FC4001AD1B5 /* Alamofire in Frameworks */,
				89962ECC2E224F93001AD1B5 /* RxCocoa in Frameworks */,
				89962EC72E224F52001AD1B5 /* SnapKit in Frameworks */,
				89962ED02E224F93001AD1B5 /* RxSwift in Frameworks */,
				89962ED82E224FC4001AD1B5 /* AlamofireDynamic in Frameworks */,
				89962ECE2E224F93001AD1B5 /* RxRelay in Frameworks */,
				89962EC92E224F52001AD1B5 /* SnapKit-Dynamic in Frameworks */,
			);
			runOnlyForDeploymentPostprocessing = 0;
		};
/* End PBXFrameworksBuildPhase section */

/* Begin PBXGroup section */
		894E8BA32E23912F006952B4 /* Repository */ = {
			isa = PBXGroup;
			children = (
				894E8BA42E23913B006952B4 /* UserRepository.swift */,
			);
			path = Repository;
			sourceTree = "<group>";
		};
		89962E842E20FE4C001AD1B5 = {
			isa = PBXGroup;
			children = (
				8918AC252E2444CE00A67D71 /* FavoriteUser123123+CoreDataClass.swift */,
				8918AC262E2444CE00A67D71 /* FavoriteUser123123+CoreDataProperties.swift */,
				894E8BC92E244115006952B4 /* CleanProject.xcdatamodeld */,
				89962EDA2E225AC3001AD1B5 /* Secrets.plist */,
				89962EA52E20FE59001AD1B5 /* AppDelegate.swift */,
				89962EAC2E20FE59001AD1B5 /* SceneDelegate.swift */,
				89962EAD2E20FE59001AD1B5 /* ViewController.swift */,
				89962EAE2E20FE59001AD1B5 /* CleanProject */,
				89962E8E2E20FE4C001AD1B5 /* Products */,
			);
			sourceTree = "<group>";
		};
		89962E8E2E20FE4C001AD1B5 /* Products */ = {
			isa = PBXGroup;
			children = (
				89962E8D2E20FE4C001AD1B5 /* CleanProject.app */,
				894E8BB32E243C34006952B4 /* CleanProjectTests.xctest */,
			);
			name = Products;
			sourceTree = "<group>";
		};
		89962EAE2E20FE59001AD1B5 /* CleanProject */ = {
			isa = PBXGroup;
			children = (
				89962EE22E22F055001AD1B5 /* Secrets.swift */,
				89962EDC2E22EDAF001AD1B5 /* Data */,
				89962EB72E21011E001AD1B5 /* Domain */,
				89962EA62E20FE59001AD1B5 /* Assets.xcassets */,
				89962EA72E20FE59001AD1B5 /* Info.plist */,
				89962EA92E20FE59001AD1B5 /* LaunchScreen.storyboard */,
				89962EAB2E20FE59001AD1B5 /* Main.storyboard */,
			);
			path = CleanProject;
			sourceTree = "<group>";
		};
		89962EB72E21011E001AD1B5 /* Domain */ = {
			isa = PBXGroup;
			children = (
				89962EC22E2249CD001AD1B5 /* UserRepositoryProtocol */,
				89962EB92E21012B001AD1B5 /* UseCase */,
				89962EB82E210121001AD1B5 /* Entity */,
			);
			path = Domain;
			sourceTree = "<group>";
		};
		89962EB82E210121001AD1B5 /* Entity */ = {
			isa = PBXGroup;
			children = (
				89962EBE2E21039A001AD1B5 /* CoreDataError.swift */,
				89962EBC2E210285001AD1B5 /* NetworkError.swift */,
				89962EBA2E21013E001AD1B5 /* UserListItem.swift */,
			);
			path = Entity;
			sourceTree = "<group>";
		};
		89962EB92E21012B001AD1B5 /* UseCase */ = {
			isa = PBXGroup;
			children = (
				89962EC02E224898001AD1B5 /* UserListUsecase.swift */,
			);
			path = UseCase;
			sourceTree = "<group>";
		};
		89962EC22E2249CD001AD1B5 /* UserRepositoryProtocol */ = {
			isa = PBXGroup;
			children = (
				89962EC32E2249E5001AD1B5 /* UserRepositoryProtocol.swift */,
			);
			path = UserRepositoryProtocol;
			sourceTree = "<group>";
		};
		89962EDC2E22EDAF001AD1B5 /* Data */ = {
			isa = PBXGroup;
			children = (
				894E8BA32E23912F006952B4 /* Repository */,
				89962EE92E2383A0001AD1B5 /* CoreData */,
				89962EDD2E22EDBA001AD1B5 /* Network */,
			);
			path = Data;
			sourceTree = "<group>";
		};
		89962EDD2E22EDBA001AD1B5 /* Network */ = {
			isa = PBXGroup;
			children = (
				89962EE42E237C6C001AD1B5 /* UserNetwork.swift */,
				89962EE02E22EF24001AD1B5 /* NetworkManager.swift */,
				89962EDE2E22EDC3001AD1B5 /* UserSession.swift */,
			);
			path = Network;
			sourceTree = "<group>";
		};
		89962EE92E2383A0001AD1B5 /* CoreData */ = {
			isa = PBXGroup;
			children = (
				89962EEA2E2383A6001AD1B5 /* UserCoreData.swift */,
			);
			path = CoreData;
			sourceTree = "<group>";
		};
/* End PBXGroup section */

/* Begin PBXNativeTarget section */
		894E8BB22E243C34006952B4 /* CleanProjectTests */ = {
			isa = PBXNativeTarget;
			buildConfigurationList = 894E8BB92E243C34006952B4 /* Build configuration list for PBXNativeTarget "CleanProjectTests" */;
			buildPhases = (
				894E8BAF2E243C34006952B4 /* Sources */,
				894E8BB02E243C34006952B4 /* Frameworks */,
				894E8BB12E243C34006952B4 /* Resources */,
			);
			buildRules = (
			);
			dependencies = (
				894E8BB82E243C34006952B4 /* PBXTargetDependency */,
			);
			name = CleanProjectTests;
			packageProductDependencies = (
			);
			productName = CleanProjectTests;
			productReference = 894E8BB32E243C34006952B4 /* CleanProjectTests.xctest */;
			productType = "com.apple.product-type.bundle.unit-test";
		};
		89962E8C2E20FE4C001AD1B5 /* CleanProject */ = {
			isa = PBXNativeTarget;
			buildConfigurationList = 89962EA02E20FE4D001AD1B5 /* Build configuration list for PBXNativeTarget "CleanProject" */;
			buildPhases = (
				89962E892E20FE4C001AD1B5 /* Sources */,
				89962E8A2E20FE4C001AD1B5 /* Frameworks */,
				89962E8B2E20FE4C001AD1B5 /* Resources */,
			);
			buildRules = (
			);
			dependencies = (
			);
			name = CleanProject;
			packageProductDependencies = (
				89962EC62E224F52001AD1B5 /* SnapKit */,
				89962EC82E224F52001AD1B5 /* SnapKit-Dynamic */,
				89962ECB2E224F93001AD1B5 /* RxCocoa */,
				89962ECD2E224F93001AD1B5 /* RxRelay */,
				89962ECF2E224F93001AD1B5 /* RxSwift */,
				89962ED22E224FB3001AD1B5 /* Kingfisher */,
				89962ED52E224FC4001AD1B5 /* Alamofire */,
				89962ED72E224FC4001AD1B5 /* AlamofireDynamic */,
			);
			productName = CleanProject;
			productReference = 89962E8D2E20FE4C001AD1B5 /* CleanProject.app */;
			productType = "com.apple.product-type.application";
		};
/* End PBXNativeTarget section */

/* Begin PBXProject section */
		89962E852E20FE4C001AD1B5 /* Project object */ = {
			isa = PBXProject;
			attributes = {
				BuildIndependentTargetsInParallel = 1;
				LastSwiftUpdateCheck = 1600;
				LastUpgradeCheck = 1600;
				TargetAttributes = {
					894E8BB22E243C34006952B4 = {
						CreatedOnToolsVersion = 16.0;
						TestTargetID = 89962E8C2E20FE4C001AD1B5;
					};
					89962E8C2E20FE4C001AD1B5 = {
						CreatedOnToolsVersion = 16.0;
					};
				};
			};
			buildConfigurationList = 89962E882E20FE4C001AD1B5 /* Build configuration list for PBXProject "CleanProject" */;
			developmentRegion = en;
			hasScannedForEncodings = 0;
			knownRegions = (
				en,
				Base,
			);
			mainGroup = 89962E842E20FE4C001AD1B5;
			minimizedProjectReferenceProxies = 1;
			packageReferences = (
				89962EC52E224F52001AD1B5 /* XCRemoteSwiftPackageReference "SnapKit" */,
				89962ECA2E224F93001AD1B5 /* XCRemoteSwiftPackageReference "RxSwift" */,
				89962ED12E224FB3001AD1B5 /* XCRemoteSwiftPackageReference "Kingfisher" */,
				89962ED42E224FC4001AD1B5 /* XCRemoteSwiftPackageReference "Alamofire" */,
			);
			preferredProjectObjectVersion = 77;
			productRefGroup = 89962E8E2E20FE4C001AD1B5 /* Products */;
			projectDirPath = "";
			projectRoot = "";
			targets = (
				89962E8C2E20FE4C001AD1B5 /* CleanProject */,
				894E8BB22E243C34006952B4 /* CleanProjectTests */,
			);
		};
/* End PBXProject section */

/* Begin PBXResourcesBuildPhase section */
		894E8BB12E243C34006952B4 /* Resources */ = {
			isa = PBXResourcesBuildPhase;
			buildActionMask = 2147483647;
			files = (
			);
			runOnlyForDeploymentPostprocessing = 0;
		};
		89962E8B2E20FE4C001AD1B5 /* Resources */ = {
			isa = PBXResourcesBuildPhase;
			buildActionMask = 2147483647;
			files = (
				89962EDB2E225AC3001AD1B5 /* Secrets.plist in Resources */,
				89962EAF2E20FE59001AD1B5 /* Assets.xcassets in Resources */,
				89962EB12E20FE59001AD1B5 /* LaunchScreen.storyboard in Resources */,
				89962EB22E20FE59001AD1B5 /* Main.storyboard in Resources */,
			);
			runOnlyForDeploymentPostprocessing = 0;
		};
/* End PBXResourcesBuildPhase section */

/* Begin PBXSourcesBuildPhase section */
		894E8BAF2E243C34006952B4 /* Sources */ = {
			isa = PBXSourcesBuildPhase;
			buildActionMask = 2147483647;
			files = (
			);
			runOnlyForDeploymentPostprocessing = 0;
		};
		89962E892E20FE4C001AD1B5 /* Sources */ = {
			isa = PBXSourcesBuildPhase;
			buildActionMask = 2147483647;
			files = (
				89962EC42E2249F1001AD1B5 /* UserRepositoryProtocol.swift in Sources */,
				89962EB32E20FE59001AD1B5 /* AppDelegate.swift in Sources */,
				89962EE12E22EF29001AD1B5 /* NetworkManager.swift in Sources */,
				89962EC12E2248A2001AD1B5 /* UserListUsecase.swift in Sources */,
				89962EB42E20FE59001AD1B5 /* SceneDelegate.swift in Sources */,
				89962EB52E20FE59001AD1B5 /* ViewController.swift in Sources */,
				894E8BA52E239141006952B4 /* UserRepository.swift in Sources */,
				89962EBB2E210143001AD1B5 /* UserListItem.swift in Sources */,
				89962EDF2E22EDCA001AD1B5 /* UserSession.swift in Sources */,
				894E8BCB2E244115006952B4 /* CleanProject.xcdatamodeld in Sources */,
				89962EEB2E2383AF001AD1B5 /* UserCoreData.swift in Sources */,
				89962EBD2E210290001AD1B5 /* NetworkError.swift in Sources */,
				8918AC272E2444CE00A67D71 /* FavoriteUser123123+CoreDataProperties.swift in Sources */,
				8918AC282E2444CE00A67D71 /* FavoriteUser123123+CoreDataClass.swift in Sources */,
				89962EE52E237C82001AD1B5 /* UserNetwork.swift in Sources */,
				89962EBF2E21039F001AD1B5 /* CoreDataError.swift in Sources */,
				89962EE32E22F05C001AD1B5 /* Secrets.swift in Sources */,
			);
			runOnlyForDeploymentPostprocessing = 0;
		};
/* End PBXSourcesBuildPhase section */

/* Begin PBXTargetDependency section */
		894E8BB82E243C34006952B4 /* PBXTargetDependency */ = {
			isa = PBXTargetDependency;
			target = 89962E8C2E20FE4C001AD1B5 /* CleanProject */;
			targetProxy = 894E8BB72E243C34006952B4 /* PBXContainerItemProxy */;
		};
/* End PBXTargetDependency section */

/* Begin PBXVariantGroup section */
		89962EA92E20FE59001AD1B5 /* LaunchScreen.storyboard */ = {
			isa = PBXVariantGroup;
			children = (
				89962EA82E20FE59001AD1B5 /* Base */,
			);
			name = LaunchScreen.storyboard;
			sourceTree = "<group>";
		};
		89962EAB2E20FE59001AD1B5 /* Main.storyboard */ = {
			isa = PBXVariantGroup;
			children = (
				89962EAA2E20FE59001AD1B5 /* Base */,
			);
			name = Main.storyboard;
			sourceTree = "<group>";
		};
/* End PBXVariantGroup section */

/* Begin XCBuildConfiguration section */
		894E8BBA2E243C34006952B4 /* Debug */ = {
			isa = XCBuildConfiguration;
			buildSettings = {
				BUNDLE_LOADER = "$(TEST_HOST)";
				CODE_SIGN_STYLE = Automatic;
				CURRENT_PROJECT_VERSION = 1;
				DEVELOPMENT_TEAM = K4Y3BP25BV;
				GENERATE_INFOPLIST_FILE = YES;
				MARKETING_VERSION = 1.0;
				PRODUCT_BUNDLE_IDENTIFIER = com.jang.CleanProjectTests;
				PRODUCT_NAME = "$(TARGET_NAME)";
				SWIFT_EMIT_LOC_STRINGS = NO;
				SWIFT_VERSION = 5.0;
				TARGETED_DEVICE_FAMILY = "1,2";
				TEST_HOST = "$(BUILT_PRODUCTS_DIR)/CleanProject.app/$(BUNDLE_EXECUTABLE_FOLDER_PATH)/CleanProject";
			};
			name = Debug;
		};
		894E8BBB2E243C34006952B4 /* Release */ = {
			isa = XCBuildConfiguration;
			buildSettings = {
				BUNDLE_LOADER = "$(TEST_HOST)";
				CODE_SIGN_STYLE = Automatic;
				CURRENT_PROJECT_VERSION = 1;
				DEVELOPMENT_TEAM = K4Y3BP25BV;
				GENERATE_INFOPLIST_FILE = YES;
				MARKETING_VERSION = 1.0;
				PRODUCT_BUNDLE_IDENTIFIER = com.jang.CleanProjectTests;
				PRODUCT_NAME = "$(TARGET_NAME)";
				SWIFT_EMIT_LOC_STRINGS = NO;
				SWIFT_VERSION = 5.0;
				TARGETED_DEVICE_FAMILY = "1,2";
				TEST_HOST = "$(BUILT_PRODUCTS_DIR)/CleanProject.app/$(BUNDLE_EXECUTABLE_FOLDER_PATH)/CleanProject";
			};
			name = Release;
		};
		89962EA12E20FE4D001AD1B5 /* Debug */ = {
			isa = XCBuildConfiguration;
			buildSettings = {
				ASSETCATALOG_COMPILER_APPICON_NAME = AppIcon;
				ASSETCATALOG_COMPILER_GLOBAL_ACCENT_COLOR_NAME = AccentColor;
				CODE_SIGN_STYLE = Automatic;
				CURRENT_PROJECT_VERSION = 1;
				DEFINES_MODULE = YES;
				DEVELOPMENT_TEAM = K4Y3BP25BV;
				GENERATE_INFOPLIST_FILE = YES;
				INFOPLIST_FILE = CleanProject/Info.plist;
				INFOPLIST_KEY_UIApplicationSupportsIndirectInputEvents = YES;
				INFOPLIST_KEY_UILaunchStoryboardName = LaunchScreen;
				INFOPLIST_KEY_UIMainStoryboardFile = Main;
				INFOPLIST_KEY_UISupportedInterfaceOrientations_iPad = "UIInterfaceOrientationPortrait UIInterfaceOrientationPortraitUpsideDown UIInterfaceOrientationLandscapeLeft UIInterfaceOrientationLandscapeRight";
				INFOPLIST_KEY_UISupportedInterfaceOrientations_iPhone = "UIInterfaceOrientationPortrait UIInterfaceOrientationLandscapeLeft UIInterfaceOrientationLandscapeRight";
				LD_RUNPATH_SEARCH_PATHS = (
					"$(inherited)",
					"@executable_path/Frameworks",
				);
				MARKETING_VERSION = 1.0;
				PRODUCT_BUNDLE_IDENTIFIER = com.jang.CleanProject;
				PRODUCT_NAME = "$(TARGET_NAME)";
				SWIFT_EMIT_LOC_STRINGS = YES;
				SWIFT_VERSION = 5.0;
				TARGETED_DEVICE_FAMILY = "1,2";
			};
			name = Debug;
		};
		89962EA22E20FE4D001AD1B5 /* Release */ = {
			isa = XCBuildConfiguration;
			buildSettings = {
				ASSETCATALOG_COMPILER_APPICON_NAME = AppIcon;
				ASSETCATALOG_COMPILER_GLOBAL_ACCENT_COLOR_NAME = AccentColor;
				CODE_SIGN_STYLE = Automatic;
				CURRENT_PROJECT_VERSION = 1;
				DEFINES_MODULE = YES;
				DEVELOPMENT_TEAM = K4Y3BP25BV;
				GENERATE_INFOPLIST_FILE = YES;
				INFOPLIST_FILE = CleanProject/Info.plist;
				INFOPLIST_KEY_UIApplicationSupportsIndirectInputEvents = YES;
				INFOPLIST_KEY_UILaunchStoryboardName = LaunchScreen;
				INFOPLIST_KEY_UIMainStoryboardFile = Main;
				INFOPLIST_KEY_UISupportedInterfaceOrientations_iPad = "UIInterfaceOrientationPortrait UIInterfaceOrientationPortraitUpsideDown UIInterfaceOrientationLandscapeLeft UIInterfaceOrientationLandscapeRight";
				INFOPLIST_KEY_UISupportedInterfaceOrientations_iPhone = "UIInterfaceOrientationPortrait UIInterfaceOrientationLandscapeLeft UIInterfaceOrientationLandscapeRight";
				LD_RUNPATH_SEARCH_PATHS = (
					"$(inherited)",
					"@executable_path/Frameworks",
				);
				MARKETING_VERSION = 1.0;
				PRODUCT_BUNDLE_IDENTIFIER = com.jang.CleanProject;
				PRODUCT_NAME = "$(TARGET_NAME)";
				SWIFT_EMIT_LOC_STRINGS = YES;
				SWIFT_VERSION = 5.0;
				TARGETED_DEVICE_FAMILY = "1,2";
			};
			name = Release;
		};
		89962EA32E20FE4D001AD1B5 /* Debug */ = {
			isa = XCBuildConfiguration;
			buildSettings = {
				ALWAYS_SEARCH_USER_PATHS = NO;
				ASSETCATALOG_COMPILER_GENERATE_SWIFT_ASSET_SYMBOL_EXTENSIONS = YES;
				CLANG_ANALYZER_NONNULL = YES;
				CLANG_ANALYZER_NUMBER_OBJECT_CONVERSION = YES_AGGRESSIVE;
				CLANG_CXX_LANGUAGE_STANDARD = "gnu++20";
				CLANG_ENABLE_MODULES = YES;
				CLANG_ENABLE_OBJC_ARC = YES;
				CLANG_ENABLE_OBJC_WEAK = YES;
				CLANG_WARN_BLOCK_CAPTURE_AUTORELEASING = YES;
				CLANG_WARN_BOOL_CONVERSION = YES;
				CLANG_WARN_COMMA = YES;
				CLANG_WARN_CONSTANT_CONVERSION = YES;
				CLANG_WARN_DEPRECATED_OBJC_IMPLEMENTATIONS = YES;
				CLANG_WARN_DIRECT_OBJC_ISA_USAGE = YES_ERROR;
				CLANG_WARN_DOCUMENTATION_COMMENTS = YES;
				CLANG_WARN_EMPTY_BODY = YES;
				CLANG_WARN_ENUM_CONVERSION = YES;
				CLANG_WARN_INFINITE_RECURSION = YES;
				CLANG_WARN_INT_CONVERSION = YES;
				CLANG_WARN_NON_LITERAL_NULL_CONVERSION = YES;
				CLANG_WARN_OBJC_IMPLICIT_RETAIN_SELF = YES;
				CLANG_WARN_OBJC_LITERAL_CONVERSION = YES;
				CLANG_WARN_OBJC_ROOT_CLASS = YES_ERROR;
				CLANG_WARN_QUOTED_INCLUDE_IN_FRAMEWORK_HEADER = YES;
				CLANG_WARN_RANGE_LOOP_ANALYSIS = YES;
				CLANG_WARN_STRICT_PROTOTYPES = YES;
				CLANG_WARN_SUSPICIOUS_MOVE = YES;
				CLANG_WARN_UNGUARDED_AVAILABILITY = YES_AGGRESSIVE;
				CLANG_WARN_UNREACHABLE_CODE = YES;
				CLANG_WARN__DUPLICATE_METHOD_MATCH = YES;
				COPY_PHASE_STRIP = NO;
				DEBUG_INFORMATION_FORMAT = dwarf;
				DEFINES_MODULE = YES;
				ENABLE_STRICT_OBJC_MSGSEND = YES;
				ENABLE_TESTABILITY = YES;
				ENABLE_USER_SCRIPT_SANDBOXING = YES;
				GCC_C_LANGUAGE_STANDARD = gnu17;
				GCC_DYNAMIC_NO_PIC = NO;
				GCC_NO_COMMON_BLOCKS = YES;
				GCC_OPTIMIZATION_LEVEL = 0;
				GCC_PREPROCESSOR_DEFINITIONS = (
					"DEBUG=1",
					"$(inherited)",
				);
				GCC_WARN_64_TO_32_BIT_CONVERSION = YES;
				GCC_WARN_ABOUT_RETURN_TYPE = YES_ERROR;
				GCC_WARN_UNDECLARED_SELECTOR = YES;
				GCC_WARN_UNINITIALIZED_AUTOS = YES_AGGRESSIVE;
				GCC_WARN_UNUSED_FUNCTION = YES;
				GCC_WARN_UNUSED_VARIABLE = YES;
				IPHONEOS_DEPLOYMENT_TARGET = 18.0;
				LOCALIZATION_PREFERS_STRING_CATALOGS = YES;
				MTL_ENABLE_DEBUG_INFO = INCLUDE_SOURCE;
				MTL_FAST_MATH = YES;
				ONLY_ACTIVE_ARCH = YES;
				SDKROOT = iphoneos;
				SWIFT_ACTIVE_COMPILATION_CONDITIONS = "DEBUG $(inherited)";
				SWIFT_OPTIMIZATION_LEVEL = "-Onone";
			};
			name = Debug;
		};
		89962EA42E20FE4D001AD1B5 /* Release */ = {
			isa = XCBuildConfiguration;
			buildSettings = {
				ALWAYS_SEARCH_USER_PATHS = NO;
				ASSETCATALOG_COMPILER_GENERATE_SWIFT_ASSET_SYMBOL_EXTENSIONS = YES;
				CLANG_ANALYZER_NONNULL = YES;
				CLANG_ANALYZER_NUMBER_OBJECT_CONVERSION = YES_AGGRESSIVE;
				CLANG_CXX_LANGUAGE_STANDARD = "gnu++20";
				CLANG_ENABLE_MODULES = YES;
				CLANG_ENABLE_OBJC_ARC = YES;
				CLANG_ENABLE_OBJC_WEAK = YES;
				CLANG_WARN_BLOCK_CAPTURE_AUTORELEASING = YES;
				CLANG_WARN_BOOL_CONVERSION = YES;
				CLANG_WARN_COMMA = YES;
				CLANG_WARN_CONSTANT_CONVERSION = YES;
				CLANG_WARN_DEPRECATED_OBJC_IMPLEMENTATIONS = YES;
				CLANG_WARN_DIRECT_OBJC_ISA_USAGE = YES_ERROR;
				CLANG_WARN_DOCUMENTATION_COMMENTS = YES;
				CLANG_WARN_EMPTY_BODY = YES;
				CLANG_WARN_ENUM_CONVERSION = YES;
				CLANG_WARN_INFINITE_RECURSION = YES;
				CLANG_WARN_INT_CONVERSION = YES;
				CLANG_WARN_NON_LITERAL_NULL_CONVERSION = YES;
				CLANG_WARN_OBJC_IMPLICIT_RETAIN_SELF = YES;
				CLANG_WARN_OBJC_LITERAL_CONVERSION = YES;
				CLANG_WARN_OBJC_ROOT_CLASS = YES_ERROR;
				CLANG_WARN_QUOTED_INCLUDE_IN_FRAMEWORK_HEADER = YES;
				CLANG_WARN_RANGE_LOOP_ANALYSIS = YES;
				CLANG_WARN_STRICT_PROTOTYPES = YES;
				CLANG_WARN_SUSPICIOUS_MOVE = YES;
				CLANG_WARN_UNGUARDED_AVAILABILITY = YES_AGGRESSIVE;
				CLANG_WARN_UNREACHABLE_CODE = YES;
				CLANG_WARN__DUPLICATE_METHOD_MATCH = YES;
				COPY_PHASE_STRIP = NO;
				DEBUG_INFORMATION_FORMAT = "dwarf-with-dsym";
				DEFINES_MODULE = YES;
				ENABLE_NS_ASSERTIONS = NO;
				ENABLE_STRICT_OBJC_MSGSEND = YES;
				ENABLE_USER_SCRIPT_SANDBOXING = YES;
				GCC_C_LANGUAGE_STANDARD = gnu17;
				GCC_NO_COMMON_BLOCKS = YES;
				GCC_WARN_64_TO_32_BIT_CONVERSION = YES;
				GCC_WARN_ABOUT_RETURN_TYPE = YES_ERROR;
				GCC_WARN_UNDECLARED_SELECTOR = YES;
				GCC_WARN_UNINITIALIZED_AUTOS = YES_AGGRESSIVE;
				GCC_WARN_UNUSED_FUNCTION = YES;
				GCC_WARN_UNUSED_VARIABLE = YES;
				IPHONEOS_DEPLOYMENT_TARGET = 18.0;
				LOCALIZATION_PREFERS_STRING_CATALOGS = YES;
				MTL_ENABLE_DEBUG_INFO = NO;
				MTL_FAST_MATH = YES;
				SDKROOT = iphoneos;
				SWIFT_COMPILATION_MODE = wholemodule;
				VALIDATE_PRODUCT = YES;
			};
			name = Release;
		};
/* End XCBuildConfiguration section */

/* Begin XCConfigurationList section */
		894E8BB92E243C34006952B4 /* Build configuration list for PBXNativeTarget "CleanProjectTests" */ = {
			isa = XCConfigurationList;
			buildConfigurations = (
				894E8BBA2E243C34006952B4 /* Debug */,
				894E8BBB2E243C34006952B4 /* Release */,
			);
			defaultConfigurationIsVisible = 0;
			defaultConfigurationName = Release;
		};
		89962E882E20FE4C001AD1B5 /* Build configuration list for PBXProject "CleanProject" */ = {
			isa = XCConfigurationList;
			buildConfigurations = (
				89962EA32E20FE4D001AD1B5 /* Debug */,
				89962EA42E20FE4D001AD1B5 /* Release */,
			);
			defaultConfigurationIsVisible = 0;
			defaultConfigurationName = Release;
		};
		89962EA02E20FE4D001AD1B5 /* Build configuration list for PBXNativeTarget "CleanProject" */ = {
			isa = XCConfigurationList;
			buildConfigurations = (
				89962EA12E20FE4D001AD1B5 /* Debug */,
				89962EA22E20FE4D001AD1B5 /* Release */,
			);
			defaultConfigurationIsVisible = 0;
			defaultConfigurationName = Release;
		};
/* End XCConfigurationList section */

/* Begin XCRemoteSwiftPackageReference section */
		89962EC52E224F52001AD1B5 /* XCRemoteSwiftPackageReference "SnapKit" */ = {
			isa = XCRemoteSwiftPackageReference;
			repositoryURL = "https://github.com/SnapKit/SnapKit.git";
			requirement = {
				kind = upToNextMajorVersion;
				minimumVersion = 5.7.1;
			};
		};
		89962ECA2E224F93001AD1B5 /* XCRemoteSwiftPackageReference "RxSwift" */ = {
			isa = XCRemoteSwiftPackageReference;
			repositoryURL = "https://github.com/ReactiveX/RxSwift.git";
			requirement = {
				kind = upToNextMajorVersion;
				minimumVersion = 6.9.0;
			};
		};
		89962ED12E224FB3001AD1B5 /* XCRemoteSwiftPackageReference "Kingfisher" */ = {
			isa = XCRemoteSwiftPackageReference;
			repositoryURL = "https://github.com/onevcat/Kingfisher.git";
			requirement = {
				kind = upToNextMajorVersion;
				minimumVersion = 8.4.0;
			};
		};
		89962ED42E224FC4001AD1B5 /* XCRemoteSwiftPackageReference "Alamofire" */ = {
			isa = XCRemoteSwiftPackageReference;
			repositoryURL = "https://github.com/Alamofire/Alamofire.git";
			requirement = {
				kind = upToNextMajorVersion;
				minimumVersion = 5.10.2;
			};
		};
/* End XCRemoteSwiftPackageReference section */

/* Begin XCSwiftPackageProductDependency section */
		89962EC62E224F52001AD1B5 /* SnapKit */ = {
			isa = XCSwiftPackageProductDependency;
			package = 89962EC52E224F52001AD1B5 /* XCRemoteSwiftPackageReference "SnapKit" */;
			productName = SnapKit;
		};
		89962EC82E224F52001AD1B5 /* SnapKit-Dynamic */ = {
			isa = XCSwiftPackageProductDependency;
			package = 89962EC52E224F52001AD1B5 /* XCRemoteSwiftPackageReference "SnapKit" */;
			productName = "SnapKit-Dynamic";
		};
		89962ECB2E224F93001AD1B5 /* RxCocoa */ = {
			isa = XCSwiftPackageProductDependency;
			package = 89962ECA2E224F93001AD1B5 /* XCRemoteSwiftPackageReference "RxSwift" */;
			productName = RxCocoa;
		};
		89962ECD2E224F93001AD1B5 /* RxRelay */ = {
			isa = XCSwiftPackageProductDependency;
			package = 89962ECA2E224F93001AD1B5 /* XCRemoteSwiftPackageReference "RxSwift" */;
			productName = RxRelay;
		};
		89962ECF2E224F93001AD1B5 /* RxSwift */ = {
			isa = XCSwiftPackageProductDependency;
			package = 89962ECA2E224F93001AD1B5 /* XCRemoteSwiftPackageReference "RxSwift" */;
			productName = RxSwift;
		};
		89962ED22E224FB3001AD1B5 /* Kingfisher */ = {
			isa = XCSwiftPackageProductDependency;
			package = 89962ED12E224FB3001AD1B5 /* XCRemoteSwiftPackageReference "Kingfisher" */;
			productName = Kingfisher;
		};
		89962ED52E224FC4001AD1B5 /* Alamofire */ = {
			isa = XCSwiftPackageProductDependency;
			package = 89962ED42E224FC4001AD1B5 /* XCRemoteSwiftPackageReference "Alamofire" */;
			productName = Alamofire;
		};
		89962ED72E224FC4001AD1B5 /* AlamofireDynamic */ = {
			isa = XCSwiftPackageProductDependency;
			package = 89962ED42E224FC4001AD1B5 /* XCRemoteSwiftPackageReference "Alamofire" */;
			productName = AlamofireDynamic;
		};
/* End XCSwiftPackageProductDependency section */

/* Begin XCVersionGroup section */
		894E8BC92E244115006952B4 /* CleanProject.xcdatamodeld */ = {
			isa = XCVersionGroup;
			children = (
				894E8BCA2E244115006952B4 /* CleanProject.xcdatamodel */,
			);
			currentVersion = 894E8BCA2E244115006952B4 /* CleanProject.xcdatamodel */;
			path = CleanProject.xcdatamodeld;
			sourceTree = "<group>";
			versionGroupType = wrapper.xcdatamodel;
		};
/* End XCVersionGroup section */
	};
	rootObject = 89962E852E20FE4C001AD1B5 /* Project object */;
}
